
Microsoft Visual Studio Solution File, Format Version 12.00
# Visual Studio Version 17
VisualStudioVersion = 17.10.34928.147
MinimumVisualStudioVersion = 10.0.40219.1
Project("{FAE04EC0-301F-11D3-BF4B-00C04F79EFBC}") = "eTickets", "eTickets\eTickets.csproj", "{8891865B-B6B8-4D86-8C5D-B60DBD64906A}"
EndProject
Global
	GlobalSection(SolutionConfigurationPlatforms) = preSolution
		Debug|Any CPU = Debug|Any CPU
		Release|Any CPU = Release|Any CPU
	EndGlobalSection
	GlobalSection(ProjectConfigurationPlatforms) = postSolution
		{8891865B-B6B8-4D86-8C5D-B60DBD64906A}.Debug|Any CPU.ActiveCfg = Debug|Any CPU
		{8891865B-B6B8-4D86-8C5D-B60DBD64906A}.Debug|Any CPU.Build.0 = Debug|Any CPU
		{8891865B-B6B8-4D86-8C5D-B60DBD64906A}.Release|Any CPU.ActiveCfg = Release|Any CPU
		{8891865B-B6B8-4D86-8C5D-B60DBD64906A}.Release|Any CPU.Build.0 = Release|Any CPU
	EndGlobalSection
	GlobalSection(SolutionProperties) = preSolution
		HideSolutionNode = FALSE
	EndGlobalSection
	GlobalSection(ExtensibilityGlobals) = postSolution
		SolutionGuid = {22BE7459-ED0D-4294-AB9F-CFD9B65EAD39}
	EndGlobalSection
EndGlobal
